$begin 'ConnectionParameters'
	DesktopProcessID=2428
	DesktopProcessPath='/share/apps/AnsysEM/AnsysEM16.1/Linux64/ansysedt.exe'
	LaunchedByWB=false
	$begin 'DesktopStubBlock'
		$begin 'CommDetails'
			TransportType=1
			IPAddress='158.121.247.103'
			ListenPort='47057'
			IPAddressVector[2: '10.0.5.250', '10.1.5.250']
		$end 'CommDetails'
		$begin 'Marshall'
			InstanceID=503
			ProcID=2600
			InterfaceID=1
			FactoryIntID='DesktopInterfaceForWBProxyStubFactory'
		$end 'Marshall'
	$end 'DesktopStubBlock'
	$begin 'DesktopBackgroundObjStubBlock'
		$begin 'CommDetails'
			TransportType=1
			IPAddress='158.121.247.103'
			ListenPort='47057'
			IPAddressVector[2: '10.0.5.250', '10.1.5.250']
		$end 'CommDetails'
		$begin 'Marshall'
			InstanceID=505
			ProcID=2600
			InterfaceID=2
			FactoryIntID='DesktopInterfaceForWBProxyStubFactory'
		$end 'Marshall'
	$end 'DesktopBackgroundObjStubBlock'
$end 'ConnectionParameters'
